
Microsoft Visual Studio Solution File, Format Version 12.00
# Visual Studio Version 17
VisualStudioVersion = 17.3.32825.248
MinimumVisualStudioVersion = 10.0.40219.1
Project("{FAE04EC0-301F-11D3-BF4B-00C04F79EFBC}") = "AppSettingInConsoleApplication", "AppSettingInConsoleApplication.csproj", "{1B5354CA-DAA9-41A6-A35C-5DEFA665974E}"
EndProject
Global
	GlobalSection(SolutionConfigurationPlatforms) = preSolution
		Debug|Any CPU = Debug|Any CPU
		Release|Any CPU = Release|Any CPU
	EndGlobalSection
	GlobalSection(ProjectConfigurationPlatforms) = postSolution
		{1B5354CA-DAA9-41A6-A35C-5DEFA665974E}.Debug|Any CPU.ActiveCfg = Debug|Any CPU
		{1B5354CA-DAA9-41A6-A35C-5DEFA665974E}.Debug|Any CPU.Build.0 = Debug|Any CPU
		{1B5354CA-DAA9-41A6-A35C-5DEFA665974E}.Release|Any CPU.ActiveCfg = Release|Any CPU
		{1B5354CA-DAA9-41A6-A35C-5DEFA665974E}.Release|Any CPU.Build.0 = Release|Any CPU
	EndGlobalSection
	GlobalSection(SolutionProperties) = preSolution
		HideSolutionNode = FALSE
	EndGlobalSection
	GlobalSection(ExtensibilityGlobals) = postSolution
		SolutionGuid = {C04BF509-C4BF-4464-AF34-4A0BF9CA78C5}
	EndGlobalSection
EndGlobal
